
Microsoft Visual Studio Solution File, Format Version 12.00
# Visual Studio Version 17
VisualStudioVersion = 17.11.35312.102
MinimumVisualStudioVersion = 10.0.40219.1
Project("{FAE04EC0-301F-11D3-BF4B-00C04F79EFBC}") = "Project1", "Project1.csproj", "{385E2167-339A-4935-8BD3-0C3E24FED113}"
EndProject
Global
	GlobalSection(SolutionConfigurationPlatforms) = preSolution
		Debug|Any CPU = Debug|Any CPU
		Release|Any CPU = Release|Any CPU
	EndGlobalSection
	GlobalSection(ProjectConfigurationPlatforms) = postSolution
		{385E2167-339A-4935-8BD3-0C3E24FED113}.Debug|Any CPU.ActiveCfg = Debug|Any CPU
		{385E2167-339A-4935-8BD3-0C3E24FED113}.Debug|Any CPU.Build.0 = Debug|Any CPU
		{385E2167-339A-4935-8BD3-0C3E24FED113}.Release|Any CPU.ActiveCfg = Release|Any CPU
		{385E2167-339A-4935-8BD3-0C3E24FED113}.Release|Any CPU.Build.0 = Release|Any CPU
	EndGlobalSection
	GlobalSection(SolutionProperties) = preSolution
		HideSolutionNode = FALSE
	EndGlobalSection
	GlobalSection(ExtensibilityGlobals) = postSolution
		SolutionGuid = {C2302B9D-A392-47B9-87A3-F73EAC04E549}
	EndGlobalSection
EndGlobal
