
Microsoft Visual Studio Solution File, Format Version 12.00
# Visual Studio Version 17
VisualStudioVersion = 17.11.35312.102
MinimumVisualStudioVersion = 10.0.40219.1
Project("{FAE04EC0-301F-11D3-BF4B-00C04F79EFBC}") = "ConsoleApp1", "ConsoleApp1.csproj", "{F7326B42-4956-44B9-8E98-57D34FC4212F}"
EndProject
Global
	GlobalSection(SolutionConfigurationPlatforms) = preSolution
		Debug|Any CPU = Debug|Any CPU
		Release|Any CPU = Release|Any CPU
	EndGlobalSection
	GlobalSection(ProjectConfigurationPlatforms) = postSolution
		{F7326B42-4956-44B9-8E98-57D34FC4212F}.Debug|Any CPU.ActiveCfg = Debug|Any CPU
		{F7326B42-4956-44B9-8E98-57D34FC4212F}.Debug|Any CPU.Build.0 = Debug|Any CPU
		{F7326B42-4956-44B9-8E98-57D34FC4212F}.Release|Any CPU.ActiveCfg = Release|Any CPU
		{F7326B42-4956-44B9-8E98-57D34FC4212F}.Release|Any CPU.Build.0 = Release|Any CPU
	EndGlobalSection
	GlobalSection(SolutionProperties) = preSolution
		HideSolutionNode = FALSE
	EndGlobalSection
	GlobalSection(ExtensibilityGlobals) = postSolution
		SolutionGuid = {364EED3F-9D78-487C-8D84-693996DD5817}
	EndGlobalSection
EndGlobal
